# Generated by component-test; do not edit.
version = "0.1"

[suite]
name = "conformance_guest_ct"
artifact_sha256 = "36b872289a234a2f622a97f44951da2607dbed890322aac6ba7d6cfe2cac501b"

[[case]]
name = "data/echo"

[[case]]
name = "delegated/coexist-in-guest-ed25519"
tags = ["delegated-signer"]

[[case]]
name = "delegated/decline"
tags = ["!delegated-signer"]

[[case]]
name = "delegated/handshake"
tags = ["delegated-signer"]

[[case]]
name = "handshake/alpn-sni"

[[case]]
name = "identity/ed25519/reject-foreign-key"

[[case]]
name = "shutdown/close-notify"
