{
  "name": "@polymorph/tls-conformance-deltic-browser",
  "lockfileVersion": 3,
  "requires": true,
  "packages": {
    "": {
      "name": "@polymorph/tls-conformance-deltic-browser",
      "dependencies": {
        "@polymorph/component-test-js": "github:polymorph-components/polymorph-test#b4026866e481ead0738742e3b380601b605e5350",
        "playwright-core": "1.62.1"
      }
    },
    "node_modules/@polymorph/component-test-js": {
      "version": "0.2.0",
      "resolved": "git+ssh://git@github.com/polymorph-components/polymorph-test.git#b4026866e481ead0738742e3b380601b605e5350",
      "integrity": "sha512-yjekMTYYvlXG1ZI6LGw+ySuCZqhBHz7WXkyjpPsCZQkz+hxIRNF/kiemakwfCGiD7f4xf64Hb6sKV18K7d7MjQ==",
      "license": "Apache-2.0 WITH LLVM-exception"
    },
    "node_modules/playwright-core": {
      "version": "1.62.1",
      "resolved": "https://registry.npmjs.org/playwright-core/-/playwright-core-1.62.1.tgz",
      "integrity": "sha512-wPYSwEBJY9GHraISXqyqtx0na0LpO3XEX7jNDhntbex7tzUS7kLnZsOlFruFJB4Hi/rhDMjXGqHewDZ68nYZVw==",
      "license": "Apache-2.0",
      "bin": {
        "playwright-core": "cli.js"
      },
      "engines": {
        "node": ">=20"
      }
    }
  }
}
